// !$*UTF8*$!
{
	archiveVersion = 1;
	classes = {
	};
	objectVersion = 50;
	objects = {

/* Begin PBXBuildFile section */
		46CB4CA824F7367D007CB07E /* AppDelegate.swift in Sources */ = {isa = PBXBuildFile; fileRef = 46CB4CA724F7367D007CB07E /* AppDelegate.swift */; };
		46CB4CAA24F7367D007CB07E /* ViewController.swift in Sources */ = {isa = PBXBuildFile; fileRef = 46CB4CA924F7367D007CB07E /* ViewController.swift */; };
		46CB4CAF24F7367F007CB07E /* Assets.xcassets in Resources */ = {isa = PBXBuildFile; fileRef = 46CB4CAE24F7367F007CB07E /* Assets.xcassets */; };
		46CB4CB224F7367F007CB07E /* LaunchScreen.storyboard in Resources */ = {isa = PBXBuildFile; fileRef = 46CB4CB024F7367F007CB07E /* LaunchScreen.storyboard */; };
		46CB4CBD24F7367F007CB07E /* Pokemon_ClassifierTests.swift in Sources */ = {isa = PBXBuildFile; fileRef = 46CB4CBC24F7367F007CB07E /* Pokemon_ClassifierTests.swift */; };
		46CB4CC824F7367F007CB07E /* Pokemon_ClassifierUITests.swift in Sources */ = {isa = PBXBuildFile; fileRef = 46CB4CC724F7367F007CB07E /* Pokemon_ClassifierUITests.swift */; };
		46CB4CD624F737EF007CB07E /* pokedex.mlmodel in Sources */ = {isa = PBXBuildFile; fileRef = 46CB4CD524F737EE007CB07E /* pokedex.mlmodel */; };
/* End PBXBuildFile section */

/* Begin PBXContainerItemProxy section */
		46CB4CB924F7367F007CB07E /* PBXContainerItemProxy */ = {
			isa = PBXContainerItemProxy;
			containerPortal = 46CB4C9C24F7367D007CB07E /* Project object */;
			proxyType = 1;
			remoteGlobalIDString = 46CB4CA324F7367D007CB07E;
			remoteInfo = "Pokemon Classifier";
		};
		46CB4CC424F7367F007CB07E /* PBXContainerItemProxy */ = {
			isa = PBXContainerItemProxy;
			containerPortal = 46CB4C9C24F7367D007CB07E /* Project object */;
			proxyType = 1;
			remoteGlobalIDString = 46CB4CA324F7367D007CB07E;
			remoteInfo = "Pokemon Classifier";
		};
/* End PBXContainerItemProxy section */

/* Begin PBXFileReference section */
		46CB4CA424F7367D007CB07E /* Pokemon Classifier.app */ = {isa = PBXFileReference; explicitFileType = wrapper.application; includeInIndex = 0; path = "Pokemon Classifier.app"; sourceTree = BUILT_PRODUCTS_DIR; };
		46CB4CA724F7367D007CB07E /* AppDelegate.swift */ = {isa = PBXFileReference; lastKnownFileType = sourcecode.swift; path = AppDelegate.swift; sourceTree = "<group>"; };
		46CB4CA924F7367D007CB07E /* ViewController.swift */ = {isa = PBXFileReference; lastKnownFileType = sourcecode.swift; path = ViewController.swift; sourceTree = "<group>"; };
		46CB4CAE24F7367F007CB07E /* Assets.xcassets */ = {isa = PBXFileReference; lastKnownFileType = folder.assetcatalog; path = Assets.xcassets; sourceTree = "<group>"; };
		46CB4CB124F7367F007CB07E /* Base */ = {isa = PBXFileReference; lastKnownFileType = file.storyboard; name = Base; path = Base.lproj/LaunchScreen.storyboard; sourceTree = "<group>"; };
		46CB4CB324F7367F007CB07E /* Info.plist */ = {isa = PBXFileReference; lastKnownFileType = text.plist.xml; path = Info.plist; sourceTree = "<group>"; };
		46CB4CB824F7367F007CB07E /* Pokemon ClassifierTests.xctest */ = {isa = PBXFileReference; explicitFileType = wrapper.cfbundle; includeInIndex = 0; path = "Pokemon ClassifierTests.xctest"; sourceTree = BUILT_PRODUCTS_DIR; };
		46CB4CBC24F7367F007CB07E /* Pokemon_ClassifierTests.swift */ = {isa = PBXFileReference; lastKnownFileType = sourcecode.swift; path = Pokemon_ClassifierTests.swift; sourceTree = "<group>"; };
		46CB4CBE24F7367F007CB07E /* Info.plist */ = {isa = PBXFileReference; lastKnownFileType = text.plist.xml; path = Info.plist; sourceTree = "<group>"; };
		46CB4CC324F7367F007CB07E /* Pokemon ClassifierUITests.xctest */ = {isa = PBXFileReference; explicitFileType = wrapper.cfbundle; includeInIndex = 0; path = "Pokemon ClassifierUITests.xctest"; sourceTree = BUILT_PRODUCTS_DIR; };
		46CB4CC724F7367F007CB07E /* Pokemon_ClassifierUITests.swift */ = {isa = PBXFileReference; lastKnownFileType = sourcecode.swift; path = Pokemon_ClassifierUITests.swift; sourceTree = "<group>"; };
		46CB4CC924F7367F007CB07E /* Info.plist */ = {isa = PBXFileReference; lastKnownFileType = text.plist.xml; path = Info.plist; sourceTree = "<group>"; };
		46CB4CD524F737EE007CB07E /* pokedex.mlmodel */ = {isa = PBXFileReference; lastKnownFileType = file.mlmodel; name = pokedex.mlmodel; path = ../../pokedex.mlmodel; sourceTree = "<group>"; };
/* End PBXFileReference section */

/* Begin PBXFrameworksBuildPhase section */
		46CB4CA124F7367D007CB07E /* Frameworks */ = {
			isa = PBXFrameworksBuildPhase;
			buildActionMask = 2147483647;
			files = (
			);
			runOnlyForDeploymentPostprocessing = 0;
		};
		46CB4CB524F7367F007CB07E /* Frameworks */ = {
			isa = PBXFrameworksBuildPhase;
			buildActionMask = 2147483647;
			files = (
			);
			runOnlyForDeploymentPostprocessing = 0;
		};
		46CB4CC024F7367F007CB07E /* Frameworks */ = {
			isa = PBXFrameworksBuildPhase;
			buildActionMask = 2147483647;
			files = (
			);
			runOnlyForDeploymentPostprocessing = 0;
		};
/* End PBXFrameworksBuildPhase section */

/* Begin PBXGroup section */
		46CB4C9B24F7367D007CB07E = {
			isa = PBXGroup;
			children = (
				46CB4CA624F7367D007CB07E /* Pokemon Classifier */,
				46CB4CBB24F7367F007CB07E /* Pokemon ClassifierTests */,
				46CB4CC624F7367F007CB07E /* Pokemon ClassifierUITests */,
				46CB4CA524F7367D007CB07E /* Products */,
			);
			sourceTree = "<group>";
		};
		46CB4CA524F7367D007CB07E /* Products */ = {
			isa = PBXGroup;
			children = (
				46CB4CA424F7367D007CB07E /* Pokemon Classifier.app */,
				46CB4CB824F7367F007CB07E /* Pokemon ClassifierTests.xctest */,
				46CB4CC324F7367F007CB07E /* Pokemon ClassifierUITests.xctest */,
			);
			name = Products;
			sourceTree = "<group>";
		};
		46CB4CA624F7367D007CB07E /* Pokemon Classifier */ = {
			isa = PBXGroup;
			children = (
				46CB4CD524F737EE007CB07E /* pokedex.mlmodel */,
				46CB4CA724F7367D007CB07E /* AppDelegate.swift */,
				46CB4CA924F7367D007CB07E /* ViewController.swift */,
				46CB4CAE24F7367F007CB07E /* Assets.xcassets */,
				46CB4CB024F7367F007CB07E /* LaunchScreen.storyboard */,
				46CB4CB324F7367F007CB07E /* Info.plist */,
			);
			path = "Pokemon Classifier";
			sourceTree = "<group>";
		};
		46CB4CBB24F7367F007CB07E /* Pokemon ClassifierTests */ = {
			isa = PBXGroup;
			children = (
				46CB4CBC24F7367F007CB07E /* Pokemon_ClassifierTests.swift */,
				46CB4CBE24F7367F007CB07E /* Info.plist */,
			);
			path = "Pokemon ClassifierTests";
			sourceTree = "<group>";
		};
		46CB4CC624F7367F007CB07E /* Pokemon ClassifierUITests */ = {
			isa = PBXGroup;
			children = (
				46CB4CC724F7367F007CB07E /* Pokemon_ClassifierUITests.swift */,
				46CB4CC924F7367F007CB07E /* Info.plist */,
			);
			path = "Pokemon ClassifierUITests";
			sourceTree = "<group>";
		};
/* End PBXGroup section */

/* Begin PBXNativeTarget section */
		46CB4CA324F7367D007CB07E /* Pokemon Classifier */ = {
			isa = PBXNativeTarget;
			buildConfigurationList = 46CB4CCC24F7367F007CB07E /* Build configuration list for PBXNativeTarget "Pokemon Classifier" */;
			buildPhases = (
				46CB4CA024F7367D007CB07E /* Sources */,
				46CB4CA124F7367D007CB07E /* Frameworks */,
				46CB4CA224F7367D007CB07E /* Resources */,
			);
			buildRules = (
			);
			dependencies = (
			);
			name = "Pokemon Classifier";
			productName = "Pokemon Classifier";
			productReference = 46CB4CA424F7367D007CB07E /* Pokemon Classifier.app */;
			productType = "com.apple.product-type.application";
		};
		46CB4CB724F7367F007CB07E /* Pokemon ClassifierTests */ = {
			isa = PBXNativeTarget;
			buildConfigurationList = 46CB4CCF24F7367F007CB07E /* Build configuration list for PBXNativeTarget "Pokemon ClassifierTests" */;
			buildPhases = (
				46CB4CB424F7367F007CB07E /* Sources */,
				46CB4CB524F7367F007CB07E /* Frameworks */,
				46CB4CB624F7367F007CB07E /* Resources */,
			);
			buildRules = (
			);
			dependencies = (
				46CB4CBA24F7367F007CB07E /* PBXTargetDependency */,
			);
			name = "Pokemon ClassifierTests";
			productName = "Pokemon ClassifierTests";
			productReference = 46CB4CB824F7367F007CB07E /* Pokemon ClassifierTests.xctest */;
			productType = "com.apple.product-type.bundle.unit-test";
		};
		46CB4CC224F7367F007CB07E /* Pokemon ClassifierUITests */ = {
			isa = PBXNativeTarget;
			buildConfigurationList = 46CB4CD224F7367F007CB07E /* Build configuration list for PBXNativeTarget "Pokemon ClassifierUITests" */;
			buildPhases = (
				46CB4CBF24F7367F007CB07E /* Sources */,
				46CB4CC024F7367F007CB07E /* Frameworks */,
				46CB4CC124F7367F007CB07E /* Resources */,
			);
			buildRules = (
			);
			dependencies = (
				46CB4CC524F7367F007CB07E /* PBXTargetDependency */,
			);
			name = "Pokemon ClassifierUITests";
			productName = "Pokemon ClassifierUITests";
			productReference = 46CB4CC324F7367F007CB07E /* Pokemon ClassifierUITests.xctest */;
			productType = "com.apple.product-type.bundle.ui-testing";
		};
/* End PBXNativeTarget section */

/* Begin PBXProject section */
		46CB4C9C24F7367D007CB07E /* Project object */ = {
			isa = PBXProject;
			attributes = {
				LastSwiftUpdateCheck = 1020;
				LastUpgradeCheck = 1020;
				ORGANIZATIONNAME = "Ahmad Chaudhry";
				TargetAttributes = {
					46CB4CA324F7367D007CB07E = {
						CreatedOnToolsVersion = 10.2.1;
					};
					46CB4CB724F7367F007CB07E = {
						CreatedOnToolsVersion = 10.2.1;
						TestTargetID = 46CB4CA324F7367D007CB07E;
					};
					46CB4CC224F7367F007CB07E = {
						CreatedOnToolsVersion = 10.2.1;
						TestTargetID = 46CB4CA324F7367D007CB07E;
					};
				};
			};
			buildConfigurationList = 46CB4C9F24F7367D007CB07E /* Build configuration list for PBXProject "Pokemon Classifier" */;
			compatibilityVersion = "Xcode 9.3";
			developmentRegion = en;
			hasScannedForEncodings = 0;
			knownRegions = (
				en,
				Base,
			);
			mainGroup = 46CB4C9B24F7367D007CB07E;
			productRefGroup = 46CB4CA524F7367D007CB07E /* Products */;
			projectDirPath = "";
			projectRoot = "";
			targets = (
				46CB4CA324F7367D007CB07E /* Pokemon Classifier */,
				46CB4CB724F7367F007CB07E /* Pokemon ClassifierTests */,
				46CB4CC224F7367F007CB07E /* Pokemon ClassifierUITests */,
			);
		};
/* End PBXProject section */

/* Begin PBXResourcesBuildPhase section */
		46CB4CA224F7367D007CB07E /* Resources */ = {
			isa = PBXResourcesBuildPhase;
			buildActionMask = 2147483647;
			files = (
				46CB4CB224F7367F007CB07E /* LaunchScreen.storyboard in Resources */,
				46CB4CAF24F7367F007CB07E /* Assets.xcassets in Resources */,
			);
			runOnlyForDeploymentPostprocessing = 0;
		};
		46CB4CB624F7367F007CB07E /* Resources */ = {
			isa = PBXResourcesBuildPhase;
			buildActionMask = 2147483647;
			files = (
			);
			runOnlyForDeploymentPostprocessing = 0;
		};
		46CB4CC124F7367F007CB07E /* Resources */ = {
			isa = PBXResourcesBuildPhase;
			buildActionMask = 2147483647;
			files = (
			);
			runOnlyForDeploymentPostprocessing = 0;
		};
/* End PBXResourcesBuildPhase section */

/* Begin PBXSourcesBuildPhase section */
		46CB4CA024F7367D007CB07E /* Sources */ = {
			isa = PBXSourcesBuildPhase;
			buildActionMask = 2147483647;
			files = (
				46CB4CD624F737EF007CB07E /* pokedex.mlmodel in Sources */,
				46CB4CAA24F7367D007CB07E /* ViewController.swift in Sources */,
				46CB4CA824F7367D007CB07E /* AppDelegate.swift in Sources */,
			);
			runOnlyForDeploymentPostprocessing = 0;
		};
		46CB4CB424F7367F007CB07E /* Sources */ = {
			isa = PBXSourcesBuildPhase;
			buildActionMask = 2147483647;
			files = (
				46CB4CBD24F7367F007CB07E /* Pokemon_ClassifierTests.swift in Sources */,
			);
			runOnlyForDeploymentPostprocessing = 0;
		};
		46CB4CBF24F7367F007CB07E /* Sources */ = {
			isa = PBXSourcesBuildPhase;
			buildActionMask = 2147483647;
			files = (
				46CB4CC824F7367F007CB07E /* Pokemon_ClassifierUITests.swift in Sources */,
			);
			runOnlyForDeploymentPostprocessing = 0;
		};
/* End PBXSourcesBuildPhase section */

/* Begin PBXTargetDependency section */
		46CB4CBA24F7367F007CB07E /* PBXTargetDependency */ = {
			isa = PBXTargetDependency;
			target = 46CB4CA324F7367D007CB07E /* Pokemon Classifier */;
			targetProxy = 46CB4CB924F7367F007CB07E /* PBXContainerItemProxy */;
		};
		46CB4CC524F7367F007CB07E /* PBXTargetDependency */ = {
			isa = PBXTargetDependency;
			target = 46CB4CA324F7367D007CB07E /* Pokemon Classifier */;
			targetProxy = 46CB4CC424F7367F007CB07E /* PBXContainerItemProxy */;
		};
/* End PBXTargetDependency section */

/* Begin PBXVariantGroup section */
		46CB4CB024F7367F007CB07E /* LaunchScreen.storyboard */ = {
			isa = PBXVariantGroup;
			children = (
				46CB4CB124F7367F007CB07E /* Base */,
			);
			name = LaunchScreen.storyboard;
			sourceTree = "<group>";
		};
/* End PBXVariantGroup section */

/* Begin XCBuildConfiguration section */
		46CB4CCA24F7367F007CB07E /* Debug */ = {
			isa = XCBuildConfiguration;
			buildSettings = {
				ALWAYS_SEARCH_USER_PATHS = NO;
				CLANG_ANALYZER_NONNULL = YES;
				CLANG_ANALYZER_NUMBER_OBJECT_CONVERSION = YES_AGGRESSIVE;
				CLANG_CXX_LANGUAGE_STANDARD = "gnu++14";
				CLANG_CXX_LIBRARY = "libc++";
				CLANG_ENABLE_MODULES = YES;
				CLANG_ENABLE_OBJC_ARC = YES;
				CLANG_ENABLE_OBJC_WEAK = YES;
				CLANG_WARN_BLOCK_CAPTURE_AUTORELEASING = YES;
				CLANG_WARN_BOOL_CONVERSION = YES;
				CLANG_WARN_COMMA = YES;
				CLANG_WARN_CONSTANT_CONVERSION = YES;
				CLANG_WARN_DEPRECATED_OBJC_IMPLEMENTATIONS = YES;
				CLANG_WARN_DIRECT_OBJC_ISA_USAGE = YES_ERROR;
				CLANG_WARN_DOCUMENTATION_COMMENTS = YES;
				CLANG_WARN_EMPTY_BODY = YES;
				CLANG_WARN_ENUM_CONVERSION = YES;
				CLANG_WARN_INFINITE_RECURSION = YES;
				CLANG_WARN_INT_CONVERSION = YES;
				CLANG_WARN_NON_LITERAL_NULL_CONVERSION = YES;
				CLANG_WARN_OBJC_IMPLICIT_RETAIN_SELF = YES;
				CLANG_WARN_OBJC_LITERAL_CONVERSION = YES;
				CLANG_WARN_OBJC_ROOT_CLASS = YES_ERROR;
				CLANG_WARN_RANGE_LOOP_ANALYSIS = YES;
				CLANG_WARN_STRICT_PROTOTYPES = YES;
				CLANG_WARN_SUSPICIOUS_MOVE = YES;
				CLANG_WARN_UNGUARDED_AVAILABILITY = YES_AGGRESSIVE;
				CLANG_WARN_UNREACHABLE_CODE = YES;
				CLANG_WARN__DUPLICATE_METHOD_MATCH = YES;
				CODE_SIGN_IDENTITY = "iPhone Developer";
				COPY_PHASE_STRIP = NO;
				DEBUG_INFORMATION_FORMAT = dwarf;
				ENABLE_STRICT_OBJC_MSGSEND = YES;
				ENABLE_TESTABILITY = YES;
				GCC_C_LANGUAGE_STANDARD = gnu11;
				GCC_DYNAMIC_NO_PIC = NO;
				GCC_NO_COMMON_BLOCKS = YES;
				GCC_OPTIMIZATION_LEVEL = 0;
				GCC_PREPROCESSOR_DEFINITIONS = (
					"DEBUG=1",
					"$(inherited)",
				);
				GCC_WARN_64_TO_32_BIT_CONVERSION = YES;
				GCC_WARN_ABOUT_RETURN_TYPE = YES_ERROR;
				GCC_WARN_UNDECLARED_SELECTOR = YES;
				GCC_WARN_UNINITIALIZED_AUTOS = YES_AGGRESSIVE;
				GCC_WARN_UNUSED_FUNCTION = YES;
				GCC_WARN_UNUSED_VARIABLE = YES;
				IPHONEOS_DEPLOYMENT_TARGET = 12.2;
				MTL_ENABLE_DEBUG_INFO = INCLUDE_SOURCE;
				MTL_FAST_MATH = YES;
				ONLY_ACTIVE_ARCH = YES;
				SDKROOT = iphoneos;
				SWIFT_ACTIVE_COMPILATION_CONDITIONS = DEBUG;
				SWIFT_OPTIMIZATION_LEVEL = "-Onone";
			};
			name = Debug;
		};
		46CB4CCB24F7367F007CB07E /* Release */ = {
			isa = XCBuildConfiguration;
			buildSettings = {
				ALWAYS_SEARCH_USER_PATHS = NO;
				CLANG_ANALYZER_NONNULL = YES;
				CLANG_ANALYZER_NUMBER_OBJECT_CONVERSION = YES_AGGRESSIVE;
				CLANG_CXX_LANGUAGE_STANDARD = "gnu++14";
				CLANG_CXX_LIBRARY = "libc++";
				CLANG_ENABLE_MODULES = YES;
				CLANG_ENABLE_OBJC_ARC = YES;
				CLANG_ENABLE_OBJC_WEAK = YES;
				CLANG_WARN_BLOCK_CAPTURE_AUTORELEASING = YES;
				CLANG_WARN_BOOL_CONVERSION = YES;
				CLANG_WARN_COMMA = YES;
				CLANG_WARN_CONSTANT_CONVERSION = YES;
				CLANG_WARN_DEPRECATED_OBJC_IMPLEMENTATIONS = YES;
				CLANG_WARN_DIRECT_OBJC_ISA_USAGE = YES_ERROR;
				CLANG_WARN_DOCUMENTATION_COMMENTS = YES;
				CLANG_WARN_EMPTY_BODY = YES;
				CLANG_WARN_ENUM_CONVERSION = YES;
				CLANG_WARN_INFINITE_RECURSION = YES;
				CLANG_WARN_INT_CONVERSION = YES;
				CLANG_WARN_NON_LITERAL_NULL_CONVERSION = YES;
				CLANG_WARN_OBJC_IMPLICIT_RETAIN_SELF = YES;
				CLANG_WARN_OBJC_LITERAL_CONVERSION = YES;
				CLANG_WARN_OBJC_ROOT_CLASS = YES_ERROR;
				CLANG_WARN_RANGE_LOOP_ANALYSIS = YES;
				CLANG_WARN_STRICT_PROTOTYPES = YES;
				CLANG_WARN_SUSPICIOUS_MOVE = YES;
				CLANG_WARN_UNGUARDED_AVAILABILITY = YES_AGGRESSIVE;
				CLANG_WARN_UNREACHABLE_CODE = YES;
				CLANG_WARN__DUPLICATE_METHOD_MATCH = YES;
				CODE_SIGN_IDENTITY = "iPhone Developer";
				COPY_PHASE_STRIP = NO;
				DEBUG_INFORMATION_FORMAT = "dwarf-with-dsym";
				ENABLE_NS_ASSERTIONS = NO;
				ENABLE_STRICT_OBJC_MSGSEND = YES;
				GCC_C_LANGUAGE_STANDARD = gnu11;
				GCC_NO_COMMON_BLOCKS = YES;
				GCC_WARN_64_TO_32_BIT_CONVERSION = YES;
				GCC_WARN_ABOUT_RETURN_TYPE = YES_ERROR;
				GCC_WARN_UNDECLARED_SELECTOR = YES;
				GCC_WARN_UNINITIALIZED_AUTOS = YES_AGGRESSIVE;
				GCC_WARN_UNUSED_FUNCTION = YES;
				GCC_WARN_UNUSED_VARIABLE = YES;
				IPHONEOS_DEPLOYMENT_TARGET = 12.2;
				MTL_ENABLE_DEBUG_INFO = NO;
				MTL_FAST_MATH = YES;
				SDKROOT = iphoneos;
				SWIFT_COMPILATION_MODE = wholemodule;
				SWIFT_OPTIMIZATION_LEVEL = "-O";
				VALIDATE_PRODUCT = YES;
			};
			name = Release;
		};
		46CB4CCD24F7367F007CB07E /* Debug */ = {
			isa = XCBuildConfiguration;
			buildSettings = {
				ASSETCATALOG_COMPILER_APPICON_NAME = AppIcon;
				CODE_SIGN_STYLE = Automatic;
				DEVELOPMENT_TEAM = 9SW7L5B377;
				INFOPLIST_FILE = "Pokemon Classifier/Info.plist";
				LD_RUNPATH_SEARCH_PATHS = (
					"$(inherited)",
					"@executable_path/Frameworks",
				);
				PRODUCT_BUNDLE_IDENTIFIER = "AC.Pokemon-Classifier";
				PRODUCT_NAME = "$(TARGET_NAME)";
				SWIFT_VERSION = 5.0;
				TARGETED_DEVICE_FAMILY = "1,2";
			};
			name = Debug;
		};
		46CB4CCE24F7367F007CB07E /* Release */ = {
			isa = XCBuildConfiguration;
			buildSettings = {
				ASSETCATALOG_COMPILER_APPICON_NAME = AppIcon;
				CODE_SIGN_STYLE = Automatic;
				DEVELOPMENT_TEAM = 9SW7L5B377;
				INFOPLIST_FILE = "Pokemon Classifier/Info.plist";
				LD_RUNPATH_SEARCH_PATHS = (
					"$(inherited)",
					"@executable_path/Frameworks",
				);
				PRODUCT_BUNDLE_IDENTIFIER = "AC.Pokemon-Classifier";
				PRODUCT_NAME = "$(TARGET_NAME)";
				SWIFT_VERSION = 5.0;
				TARGETED_DEVICE_FAMILY = "1,2";
			};
			name = Release;
		};
		46CB4CD024F7367F007CB07E /* Debug */ = {
			isa = XCBuildConfiguration;
			buildSettings = {
				ALWAYS_EMBED_SWIFT_STANDARD_LIBRARIES = YES;
				BUNDLE_LOADER = "$(TEST_HOST)";
				CODE_SIGN_STYLE = Automatic;
				INFOPLIST_FILE = "Pokemon ClassifierTests/Info.plist";
				LD_RUNPATH_SEARCH_PATHS = (
					"$(inherited)",
					"@executable_path/Frameworks",
					"@loader_path/Frameworks",
				);
				PRODUCT_BUNDLE_IDENTIFIER = "AC.Pokemon-ClassifierTests";
				PRODUCT_NAME = "$(TARGET_NAME)";
				SWIFT_VERSION = 5.0;
				TARGETED_DEVICE_FAMILY = "1,2";
				TEST_HOST = "$(BUILT_PRODUCTS_DIR)/Pokemon Classifier.app/Pokemon Classifier";
			};
			name = Debug;
		};
		46CB4CD124F7367F007CB07E /* Release */ = {
			isa = XCBuildConfiguration;
			buildSettings = {
				ALWAYS_EMBED_SWIFT_STANDARD_LIBRARIES = YES;
				BUNDLE_LOADER = "$(TEST_HOST)";
				CODE_SIGN_STYLE = Automatic;
				INFOPLIST_FILE = "Pokemon ClassifierTests/Info.plist";
				LD_RUNPATH_SEARCH_PATHS = (
					"$(inherited)",
					"@executable_path/Frameworks",
					"@loader_path/Frameworks",
				);
				PRODUCT_BUNDLE_IDENTIFIER = "AC.Pokemon-ClassifierTests";
				PRODUCT_NAME = "$(TARGET_NAME)";
				SWIFT_VERSION = 5.0;
				TARGETED_DEVICE_FAMILY = "1,2";
				TEST_HOST = "$(BUILT_PRODUCTS_DIR)/Pokemon Classifier.app/Pokemon Classifier";
			};
			name = Release;
		};
		46CB4CD324F7367F007CB07E /* Debug */ = {
			isa = XCBuildConfiguration;
			buildSettings = {
				ALWAYS_EMBED_SWIFT_STANDARD_LIBRARIES = YES;
				CODE_SIGN_STYLE = Automatic;
				INFOPLIST_FILE = "Pokemon ClassifierUITests/Info.plist";
				LD_RUNPATH_SEARCH_PATHS = (
					"$(inherited)",
					"@executable_path/Frameworks",
					"@loader_path/Frameworks",
				);
				PRODUCT_BUNDLE_IDENTIFIER = "AC.Pokemon-ClassifierUITests";
				PRODUCT_NAME = "$(TARGET_NAME)";
				SWIFT_VERSION = 5.0;
				TARGETED_DEVICE_FAMILY = "1,2";
				TEST_TARGET_NAME = "Pokemon Classifier";
			};
			name = Debug;
		};
		46CB4CD424F7367F007CB07E /* Release */ = {
			isa = XCBuildConfiguration;
			buildSettings = {
				ALWAYS_EMBED_SWIFT_STANDARD_LIBRARIES = YES;
				CODE_SIGN_STYLE = Automatic;
				INFOPLIST_FILE = "Pokemon ClassifierUITests/Info.plist";
				LD_RUNPATH_SEARCH_PATHS = (
					"$(inherited)",
					"@executable_path/Frameworks",
					"@loader_path/Frameworks",
				);
				PRODUCT_BUNDLE_IDENTIFIER = "AC.Pokemon-ClassifierUITests";
				PRODUCT_NAME = "$(TARGET_NAME)";
				SWIFT_VERSION = 5.0;
				TARGETED_DEVICE_FAMILY = "1,2";
				TEST_TARGET_NAME = "Pokemon Classifier";
			};
			name = Release;
		};
/* End XCBuildConfiguration section */

/* Begin XCConfigurationList section */
		46CB4C9F24F7367D007CB07E /* Build configuration list for PBXProject "Pokemon Classifier" */ = {
			isa = XCConfigurationList;
			buildConfigurations = (
				46CB4CCA24F7367F007CB07E /* Debug */,
				46CB4CCB24F7367F007CB07E /* Release */,
			);
			defaultConfigurationIsVisible = 0;
			defaultConfigurationName = Release;
		};
		46CB4CCC24F7367F007CB07E /* Build configuration list for PBXNativeTarget "Pokemon Classifier" */ = {
			isa = XCConfigurationList;
			buildConfigurations = (
				46CB4CCD24F7367F007CB07E /* Debug */,
				46CB4CCE24F7367F007CB07E /* Release */,
			);
			defaultConfigurationIsVisible = 0;
			defaultConfigurationName = Release;
		};
		46CB4CCF24F7367F007CB07E /* Build configuration list for PBXNativeTarget "Pokemon ClassifierTests" */ = {
			isa = XCConfigurationList;
			buildConfigurations = (
				46CB4CD024F7367F007CB07E /* Debug */,
				46CB4CD124F7367F007CB07E /* Release */,
			);
			defaultConfigurationIsVisible = 0;
			defaultConfigurationName = Release;
		};
		46CB4CD224F7367F007CB07E /* Build configuration list for PBXNativeTarget "Pokemon ClassifierUITests" */ = {
			isa = XCConfigurationList;
			buildConfigurations = (
				46CB4CD324F7367F007CB07E /* Debug */,
				46CB4CD424F7367F007CB07E /* Release */,
			);
			defaultConfigurationIsVisible = 0;
			defaultConfigurationName = Release;
		};
/* End XCConfigurationList section */
	};
	rootObject = 46CB4C9C24F7367D007CB07E /* Project object */;
}
